
Microsoft Visual Studio Solution File, Format Version 12.00
# Visual Studio Version 17
VisualStudioVersion = 17.7.34009.444
MinimumVisualStudioVersion = 10.0.40219.1
Project("{FAE04EC0-301F-11D3-BF4B-00C04F79EFBC}") = "HouseBuilder", "HouseBuilder\HouseBuilder.csproj", "{36A5475D-3B9A-485D-8342-1B73315C3DD0}"
EndProject
Project("{FAE04EC0-301F-11D3-BF4B-00C04F79EFBC}") = "HouseBuilder.Test", "HouseBuilder.Test\HouseBuilder.Test.csproj", "{25FA5932-2A3C-4B6F-8E84-E485B7924503}"
EndProject
Global
	GlobalSection(SolutionConfigurationPlatforms) = preSolution
		Debug|Any CPU = Debug|Any CPU
		Release|Any CPU = Release|Any CPU
	EndGlobalSection
	GlobalSection(ProjectConfigurationPlatforms) = postSolution
		{36A5475D-3B9A-485D-8342-1B73315C3DD0}.Debug|Any CPU.ActiveCfg = Debug|Any CPU
		{36A5475D-3B9A-485D-8342-1B73315C3DD0}.Debug|Any CPU.Build.0 = Debug|Any CPU
		{36A5475D-3B9A-485D-8342-1B73315C3DD0}.Release|Any CPU.ActiveCfg = Release|Any CPU
		{36A5475D-3B9A-485D-8342-1B73315C3DD0}.Release|Any CPU.Build.0 = Release|Any CPU
		{25FA5932-2A3C-4B6F-8E84-E485B7924503}.Debug|Any CPU.ActiveCfg = Debug|Any CPU
		{25FA5932-2A3C-4B6F-8E84-E485B7924503}.Debug|Any CPU.Build.0 = Debug|Any CPU
		{25FA5932-2A3C-4B6F-8E84-E485B7924503}.Release|Any CPU.ActiveCfg = Release|Any CPU
		{25FA5932-2A3C-4B6F-8E84-E485B7924503}.Release|Any CPU.Build.0 = Release|Any CPU
	EndGlobalSection
	GlobalSection(SolutionProperties) = preSolution
		HideSolutionNode = FALSE
	EndGlobalSection
	GlobalSection(ExtensibilityGlobals) = postSolution
		SolutionGuid = {5A5FDB07-73E2-4C90-9798-5C8234CEDF5E}
	EndGlobalSection
EndGlobal
