
Microsoft Visual Studio Solution File, Format Version 12.00
# Visual Studio Version 17
VisualStudioVersion = 17.5.33627.172
MinimumVisualStudioVersion = 10.0.40219.1
Project("{FAE04EC0-301F-11D3-BF4B-00C04F79EFBC}") = "Calculator", "Calculator\Calculator.csproj", "{7971A4FC-6980-48FA-86CB-3B701472A6CF}"
EndProject
Project("{FAE04EC0-301F-11D3-BF4B-00C04F79EFBC}") = "Calculator.Test", "Calculator.Test\Calculator.Test.csproj", "{5AA6BC6D-541D-436F-AC3F-4ED7C1186A59}"
EndProject
Global
	GlobalSection(SolutionConfigurationPlatforms) = preSolution
		Debug|Any CPU = Debug|Any CPU
		Release|Any CPU = Release|Any CPU
	EndGlobalSection
	GlobalSection(ProjectConfigurationPlatforms) = postSolution
		{7971A4FC-6980-48FA-86CB-3B701472A6CF}.Debug|Any CPU.ActiveCfg = Debug|Any CPU
		{7971A4FC-6980-48FA-86CB-3B701472A6CF}.Debug|Any CPU.Build.0 = Debug|Any CPU
		{7971A4FC-6980-48FA-86CB-3B701472A6CF}.Release|Any CPU.ActiveCfg = Release|Any CPU
		{7971A4FC-6980-48FA-86CB-3B701472A6CF}.Release|Any CPU.Build.0 = Release|Any CPU
		{5AA6BC6D-541D-436F-AC3F-4ED7C1186A59}.Debug|Any CPU.ActiveCfg = Debug|Any CPU
		{5AA6BC6D-541D-436F-AC3F-4ED7C1186A59}.Debug|Any CPU.Build.0 = Debug|Any CPU
		{5AA6BC6D-541D-436F-AC3F-4ED7C1186A59}.Release|Any CPU.ActiveCfg = Release|Any CPU
		{5AA6BC6D-541D-436F-AC3F-4ED7C1186A59}.Release|Any CPU.Build.0 = Release|Any CPU
	EndGlobalSection
	GlobalSection(SolutionProperties) = preSolution
		HideSolutionNode = FALSE
	EndGlobalSection
	GlobalSection(ExtensibilityGlobals) = postSolution
		SolutionGuid = {28A9FF49-896A-4754-B53C-D0FAA5782CBB}
	EndGlobalSection
EndGlobal
